
Microsoft Visual Studio Solution File, Format Version 12.00
# Visual Studio Version 16
VisualStudioVersion = 16.0.32413.511
MinimumVisualStudioVersion = 10.0.40219.1
Project("{FAE04EC0-301F-11D3-BF4B-00C04F79EFBC}") = "Azure3.1", "Azure3.1.csproj", "{A23EA77D-7C6A-49EE-B708-F1E9979803F5}"
EndProject
Global
	GlobalSection(SolutionConfigurationPlatforms) = preSolution
		Debug|Any CPU = Debug|Any CPU
		Release|Any CPU = Release|Any CPU
	EndGlobalSection
	GlobalSection(ProjectConfigurationPlatforms) = postSolution
		{A23EA77D-7C6A-49EE-B708-F1E9979803F5}.Debug|Any CPU.ActiveCfg = Debug|Any CPU
		{A23EA77D-7C6A-49EE-B708-F1E9979803F5}.Debug|Any CPU.Build.0 = Debug|Any CPU
		{A23EA77D-7C6A-49EE-B708-F1E9979803F5}.Release|Any CPU.ActiveCfg = Release|Any CPU
		{A23EA77D-7C6A-49EE-B708-F1E9979803F5}.Release|Any CPU.Build.0 = Release|Any CPU
	EndGlobalSection
	GlobalSection(SolutionProperties) = preSolution
		HideSolutionNode = FALSE
	EndGlobalSection
	GlobalSection(ExtensibilityGlobals) = postSolution
		SolutionGuid = {97BFCAD4-B370-4E2D-B463-EEDBB811F3A5}
	EndGlobalSection
EndGlobal
